
Microsoft Visual Studio Solution File, Format Version 12.00
# Visual Studio Version 17
VisualStudioVersion = 17.5.002.0
MinimumVisualStudioVersion = 10.0.40219.1
Project("{FAE04EC0-301F-11D3-BF4B-00C04F79EFBC}") = "Ejercicio_1", "Ejercicio_1\Ejercicio_1.csproj", "{04F5CE68-3D52-4DE7-AD6E-72CF5810FE08}"
EndProject
Project("{FAE04EC0-301F-11D3-BF4B-00C04F79EFBC}") = "Ejercicio_2", "Ejercicio_2\Ejercicio_2.csproj", "{CCC3D121-481C-4B7C-943C-041F63336919}"
EndProject
Global
	GlobalSection(SolutionConfigurationPlatforms) = preSolution
		Debug|Any CPU = Debug|Any CPU
		Release|Any CPU = Release|Any CPU
	EndGlobalSection
	GlobalSection(ProjectConfigurationPlatforms) = postSolution
		{04F5CE68-3D52-4DE7-AD6E-72CF5810FE08}.Debug|Any CPU.ActiveCfg = Debug|Any CPU
		{04F5CE68-3D52-4DE7-AD6E-72CF5810FE08}.Debug|Any CPU.Build.0 = Debug|Any CPU
		{04F5CE68-3D52-4DE7-AD6E-72CF5810FE08}.Release|Any CPU.ActiveCfg = Release|Any CPU
		{04F5CE68-3D52-4DE7-AD6E-72CF5810FE08}.Release|Any CPU.Build.0 = Release|Any CPU
		{CCC3D121-481C-4B7C-943C-041F63336919}.Debug|Any CPU.ActiveCfg = Debug|Any CPU
		{CCC3D121-481C-4B7C-943C-041F63336919}.Debug|Any CPU.Build.0 = Debug|Any CPU
		{CCC3D121-481C-4B7C-943C-041F63336919}.Release|Any CPU.ActiveCfg = Release|Any CPU
		{CCC3D121-481C-4B7C-943C-041F63336919}.Release|Any CPU.Build.0 = Release|Any CPU
	EndGlobalSection
	GlobalSection(SolutionProperties) = preSolution
		HideSolutionNode = FALSE
	EndGlobalSection
	GlobalSection(ExtensibilityGlobals) = postSolution
		SolutionGuid = {BF2497DD-1F9A-4892-8130-508C004B094D}
	EndGlobalSection
EndGlobal
